
Microsoft Visual Studio Solution File, Format Version 12.00
# Visual Studio Version 17
VisualStudioVersion = 17.10.35027.167
MinimumVisualStudioVersion = 10.0.40219.1
Project("{FAE04EC0-301F-11D3-BF4B-00C04F79EFBC}") = "ActivationConstraint", "ActivationConstraint\ActivationConstraint.csproj", "{EB3CC686-0456-49BC-A25B-0F75D8668A31}"
EndProject
Project("{FAE04EC0-301F-11D3-BF4B-00C04F79EFBC}") = "ActivationAndMemoryConstraint", "ActivationAndMemoryConstraint\ActivationAndMemoryConstraint.csproj", "{52400640-A479-43EC-A7C1-329887931F10}"
EndProject
Project("{FAE04EC0-301F-11D3-BF4B-00C04F79EFBC}") = "AdaptiveScaling", "AdaptiveScaling\AdaptiveScaling.csproj", "{B8FD2CA8-61B8-49C7-854A-87B49899011B}"
EndProject
Global
	GlobalSection(SolutionConfigurationPlatforms) = preSolution
		Debug|Any CPU = Debug|Any CPU
		Release|Any CPU = Release|Any CPU
	EndGlobalSection
	GlobalSection(ProjectConfigurationPlatforms) = postSolution
		{EB3CC686-0456-49BC-A25B-0F75D8668A31}.Debug|Any CPU.ActiveCfg = Debug|Any CPU
		{EB3CC686-0456-49BC-A25B-0F75D8668A31}.Debug|Any CPU.Build.0 = Debug|Any CPU
		{EB3CC686-0456-49BC-A25B-0F75D8668A31}.Release|Any CPU.ActiveCfg = Release|Any CPU
		{EB3CC686-0456-49BC-A25B-0F75D8668A31}.Release|Any CPU.Build.0 = Release|Any CPU
		{52400640-A479-43EC-A7C1-329887931F10}.Debug|Any CPU.ActiveCfg = Debug|Any CPU
		{52400640-A479-43EC-A7C1-329887931F10}.Debug|Any CPU.Build.0 = Debug|Any CPU
		{52400640-A479-43EC-A7C1-329887931F10}.Release|Any CPU.ActiveCfg = Release|Any CPU
		{52400640-A479-43EC-A7C1-329887931F10}.Release|Any CPU.Build.0 = Release|Any CPU
		{B8FD2CA8-61B8-49C7-854A-87B49899011B}.Debug|Any CPU.ActiveCfg = Debug|Any CPU
		{B8FD2CA8-61B8-49C7-854A-87B49899011B}.Debug|Any CPU.Build.0 = Debug|Any CPU
		{B8FD2CA8-61B8-49C7-854A-87B49899011B}.Release|Any CPU.ActiveCfg = Release|Any CPU
		{B8FD2CA8-61B8-49C7-854A-87B49899011B}.Release|Any CPU.Build.0 = Release|Any CPU
	EndGlobalSection
	GlobalSection(SolutionProperties) = preSolution
		HideSolutionNode = FALSE
	EndGlobalSection
	GlobalSection(ExtensibilityGlobals) = postSolution
		SolutionGuid = {5305D721-0659-407E-9B56-37E42ABB2B42}
	EndGlobalSection
EndGlobal
